
Microsoft Visual Studio Solution File, Format Version 11.00
# Visual Studio 2010
Project("{FAE04EC0-301F-11D3-BF4B-00C04F79EFBC}") = "Avalara.AvaTax.Adapter.Vs2010", "Avalara.AvaTax.Adapter.Vs2010.csproj", "{1D8A9F5D-75D6-4C2C-A41B-4583B07E5B0B}"
EndProject
Project("{FAE04EC0-301F-11D3-BF4B-00C04F79EFBC}") = "WindowsFormsApplication1", "..\..\..\GitHub\Adaptor-Code-with-LogEntries-Integration\WindowsFormsApplication1\WindowsFormsApplication1.csproj", "{2773044B-F971-4ACC-BBAA-EDE6D0527409}"
EndProject
Global
	GlobalSection(SolutionConfigurationPlatforms) = preSolution
		Debug|Any CPU = Debug|Any CPU
		Release|Any CPU = Release|Any CPU
	EndGlobalSection
	GlobalSection(ProjectConfigurationPlatforms) = postSolution
		{1D8A9F5D-75D6-4C2C-A41B-4583B07E5B0B}.Debug|Any CPU.ActiveCfg = Debug|Any CPU
		{1D8A9F5D-75D6-4C2C-A41B-4583B07E5B0B}.Debug|Any CPU.Build.0 = Debug|Any CPU
		{1D8A9F5D-75D6-4C2C-A41B-4583B07E5B0B}.Release|Any CPU.ActiveCfg = Release|Any CPU
		{1D8A9F5D-75D6-4C2C-A41B-4583B07E5B0B}.Release|Any CPU.Build.0 = Release|Any CPU
		{2773044B-F971-4ACC-BBAA-EDE6D0527409}.Debug|Any CPU.ActiveCfg = Debug|Any CPU
		{2773044B-F971-4ACC-BBAA-EDE6D0527409}.Debug|Any CPU.Build.0 = Debug|Any CPU
		{2773044B-F971-4ACC-BBAA-EDE6D0527409}.Release|Any CPU.ActiveCfg = Release|Any CPU
		{2773044B-F971-4ACC-BBAA-EDE6D0527409}.Release|Any CPU.Build.0 = Release|Any CPU
	EndGlobalSection
	GlobalSection(SolutionProperties) = preSolution
		HideSolutionNode = FALSE
	EndGlobalSection
EndGlobal
